// !$*UTF8*$!
{
	archiveVersion = 1;
	classes = {
	};
	objectVersion = 46;
	objects = {

/* Begin PBXBuildFile section */
		0FA6381C1DF6B4B600D23293 /* HomePage.storyboard in Resources */ = {isa = PBXBuildFile; fileRef = 0FA6381B1DF6B4B600D23293 /* HomePage.storyboard */; };
		0FA638201DF6B50C00D23293 /* ImageHelper.swift in Sources */ = {isa = PBXBuildFile; fileRef = 0FA6381E1DF6B50C00D23293 /* ImageHelper.swift */; };
		0FA638211DF6B50C00D23293 /* ImageVIewExtension.swift in Sources */ = {isa = PBXBuildFile; fileRef = 0FA6381F1DF6B50C00D23293 /* ImageVIewExtension.swift */; };
		0FA638251DF6B53000D23293 /* SliderGalleryController.swift in Sources */ = {isa = PBXBuildFile; fileRef = 0FA638221DF6B53000D23293 /* SliderGalleryController.swift */; };
		0FA638261DF6B53000D23293 /* HomePageController.swift in Sources */ = {isa = PBXBuildFile; fileRef = 0FA638231DF6B53000D23293 /* HomePageController.swift */; };
		0FA638271DF6B53000D23293 /* HomeController.swift in Sources */ = {isa = PBXBuildFile; fileRef = 0FA638241DF6B53000D23293 /* HomeController.swift */; };
		0FA638291DF6B9BF00D23293 /* ViewController.swift in Sources */ = {isa = PBXBuildFile; fileRef = 0FA638281DF6B9BF00D23293 /* ViewController.swift */; };
		0FE0D4701DF66658000FE7E1 /* Alamofire.framework in Frameworks */ = {isa = PBXBuildFile; fileRef = 0FE0D4631DF6664D000FE7E1 /* Alamofire.framework */; };
		0FE0D4711DF66658000FE7E1 /* Alamofire.framework in Embed Frameworks */ = {isa = PBXBuildFile; fileRef = 0FE0D4631DF6664D000FE7E1 /* Alamofire.framework */; settings = {ATTRIBUTES = (CodeSignOnCopy, RemoveHeadersOnCopy, ); }; };
		AB0604041DF1573E005839DB /* RegisterViewController.swift in Sources */ = {isa = PBXBuildFile; fileRef = AB0604031DF1573E005839DB /* RegisterViewController.swift */; };
		AB0604091DF17C73005839DB /* ForgetPasswordViewController.swift in Sources */ = {isa = PBXBuildFile; fileRef = AB0604081DF17C73005839DB /* ForgetPasswordViewController.swift */; };
		AB269B001DF5083500CFE95B /* DefaultHttp.swift in Sources */ = {isa = PBXBuildFile; fileRef = AB269AFF1DF5083500CFE95B /* DefaultHttp.swift */; };
		AB269B7C1DF5597800CFE95B /* RAMBounceAnimation.swift in Sources */ = {isa = PBXBuildFile; fileRef = AB269B6F1DF5597800CFE95B /* RAMBounceAnimation.swift */; };
		AB269B7D1DF5597800CFE95B /* RAMFrameItemAnimation.swift in Sources */ = {isa = PBXBuildFile; fileRef = AB269B711DF5597800CFE95B /* RAMFrameItemAnimation.swift */; };
		AB269B7E1DF5597800CFE95B /* RAMFumeAnimation.swift in Sources */ = {isa = PBXBuildFile; fileRef = AB269B731DF5597800CFE95B /* RAMFumeAnimation.swift */; };
		AB269B7F1DF5597800CFE95B /* RAMRotationAnimation.swift in Sources */ = {isa = PBXBuildFile; fileRef = AB269B751DF5597800CFE95B /* RAMRotationAnimation.swift */; };
		AB269B801DF5597800CFE95B /* RAMTransitionItemAnimations.swift in Sources */ = {isa = PBXBuildFile; fileRef = AB269B771DF5597800CFE95B /* RAMTransitionItemAnimations.swift */; };
		AB269B811DF5597800CFE95B /* RAMAnimatedTabBarController.swift in Sources */ = {isa = PBXBuildFile; fileRef = AB269B781DF5597800CFE95B /* RAMAnimatedTabBarController.swift */; };
		AB269B821DF5597800CFE95B /* RAMBadge.swift in Sources */ = {isa = PBXBuildFile; fileRef = AB269B7A1DF5597800CFE95B /* RAMBadge.swift */; };
		AB269B831DF5597800CFE95B /* RAMItemAnimationProtocol.swift in Sources */ = {isa = PBXBuildFile; fileRef = AB269B7B1DF5597800CFE95B /* RAMItemAnimationProtocol.swift */; };
		AB2F6B481DF5642300AC94BD /* TabViewController.swift in Sources */ = {isa = PBXBuildFile; fileRef = AB2F6B471DF5642300AC94BD /* TabViewController.swift */; };
		ABEA386B1DEFB44A0074A234 /* AppDelegate.swift in Sources */ = {isa = PBXBuildFile; fileRef = ABEA386A1DEFB44A0074A234 /* AppDelegate.swift */; };
		ABEA38701DEFB44A0074A234 /* Main.storyboard in Resources */ = {isa = PBXBuildFile; fileRef = ABEA386E1DEFB44A0074A234 /* Main.storyboard */; };
		ABEA38731DEFB44A0074A234 /* DriverIos.xcdatamodeld in Sources */ = {isa = PBXBuildFile; fileRef = ABEA38711DEFB44A0074A234 /* DriverIos.xcdatamodeld */; };
		ABEA38751DEFB44A0074A234 /* Assets.xcassets in Resources */ = {isa = PBXBuildFile; fileRef = ABEA38741DEFB44A0074A234 /* Assets.xcassets */; };
		ABEA38781DEFB44A0074A234 /* LaunchScreen.storyboard in Resources */ = {isa = PBXBuildFile; fileRef = ABEA38761DEFB44A0074A234 /* LaunchScreen.storyboard */; };
		ABEA38831DEFB44A0074A234 /* DriverIosTests.swift in Sources */ = {isa = PBXBuildFile; fileRef = ABEA38821DEFB44A0074A234 /* DriverIosTests.swift */; };
		ABEA388E1DEFB44A0074A234 /* DriverIosUITests.swift in Sources */ = {isa = PBXBuildFile; fileRef = ABEA388D1DEFB44A0074A234 /* DriverIosUITests.swift */; };
		ABEA389E1DEFB4D50074A234 /* LoginViewController.swift in Sources */ = {isa = PBXBuildFile; fileRef = ABEA389D1DEFB4D50074A234 /* LoginViewController.swift */; };
/* End PBXBuildFile section */

/* Begin PBXContainerItemProxy section */
		0FE0D4621DF6664D000FE7E1 /* PBXContainerItemProxy */ = {
			isa = PBXContainerItemProxy;
			containerPortal = 0FE0D4571DF6664D000FE7E1 /* Alamofire.xcodeproj */;
			proxyType = 2;
			remoteGlobalIDString = F8111E3319A95C8B0040E7D1;
			remoteInfo = "Alamofire iOS";
		};
		0FE0D4641DF6664D000FE7E1 /* PBXContainerItemProxy */ = {
			isa = PBXContainerItemProxy;
			containerPortal = 0FE0D4571DF6664D000FE7E1 /* Alamofire.xcodeproj */;
			proxyType = 2;
			remoteGlobalIDString = F8111E3E19A95C8B0040E7D1;
			remoteInfo = "Alamofire iOS Tests";
		};
		0FE0D4661DF6664D000FE7E1 /* PBXContainerItemProxy */ = {
			isa = PBXContainerItemProxy;
			containerPortal = 0FE0D4571DF6664D000FE7E1 /* Alamofire.xcodeproj */;
			proxyType = 2;
			remoteGlobalIDString = 4DD67C0B1A5C55C900ED2280;
			remoteInfo = "Alamofire macOS";
		};
		0FE0D4681DF6664D000FE7E1 /* PBXContainerItemProxy */ = {
			isa = PBXContainerItemProxy;
			containerPortal = 0FE0D4571DF6664D000FE7E1 /* Alamofire.xcodeproj */;
			proxyType = 2;
			remoteGlobalIDString = F829C6B21A7A94F100A2CD59;
			remoteInfo = "Alamofire macOS Tests";
		};
		0FE0D46A1DF6664D000FE7E1 /* PBXContainerItemProxy */ = {
			isa = PBXContainerItemProxy;
			containerPortal = 0FE0D4571DF6664D000FE7E1 /* Alamofire.xcodeproj */;
			proxyType = 2;
			remoteGlobalIDString = 4CF626EF1BA7CB3E0011A099;
			remoteInfo = "Alamofire tvOS";
		};
		0FE0D46C1DF6664D000FE7E1 /* PBXContainerItemProxy */ = {
			isa = PBXContainerItemProxy;
			containerPortal = 0FE0D4571DF6664D000FE7E1 /* Alamofire.xcodeproj */;
			proxyType = 2;
			remoteGlobalIDString = 4CF626F81BA7CB3E0011A099;
			remoteInfo = "Alamofire tvOS Tests";
		};
		0FE0D46E1DF6664D000FE7E1 /* PBXContainerItemProxy */ = {
			isa = PBXContainerItemProxy;
			containerPortal = 0FE0D4571DF6664D000FE7E1 /* Alamofire.xcodeproj */;
			proxyType = 2;
			remoteGlobalIDString = E4202FE01B667AA100C997FB;
			remoteInfo = "Alamofire watchOS";
		};
		0FE0D4721DF66658000FE7E1 /* PBXContainerItemProxy */ = {
			isa = PBXContainerItemProxy;
			containerPortal = 0FE0D4571DF6664D000FE7E1 /* Alamofire.xcodeproj */;
			proxyType = 1;
			remoteGlobalIDString = F8111E3219A95C8B0040E7D1;
			remoteInfo = "Alamofire iOS";
		};
		ABEA387F1DEFB44A0074A234 /* PBXContainerItemProxy */ = {
			isa = PBXContainerItemProxy;
			containerPortal = ABEA385F1DEFB44A0074A234 /* Project object */;
			proxyType = 1;
			remoteGlobalIDString = ABEA38661DEFB44A0074A234;
			remoteInfo = DriverIos;
		};
		ABEA388A1DEFB44A0074A234 /* PBXContainerItemProxy */ = {
			isa = PBXContainerItemProxy;
			containerPortal = ABEA385F1DEFB44A0074A234 /* Project object */;
			proxyType = 1;
			remoteGlobalIDString = ABEA38661DEFB44A0074A234;
			remoteInfo = DriverIos;
		};
/* End PBXContainerItemProxy section */

/* Begin PBXCopyFilesBuildPhase section */
		AB269B511DF50A4400CFE95B /* Embed Frameworks */ = {
			isa = PBXCopyFilesBuildPhase;
			buildActionMask = 2147483647;
			dstPath = "";
			dstSubfolderSpec = 10;
			files = (
				0FE0D4711DF66658000FE7E1 /* Alamofire.framework in Embed Frameworks */,
			);
			name = "Embed Frameworks";
			runOnlyForDeploymentPostprocessing = 0;
		};
/* End PBXCopyFilesBuildPhase section */

/* Begin PBXFileReference section */
		0FA6381B1DF6B4B600D23293 /* HomePage.storyboard */ = {isa = PBXFileReference; fileEncoding = 4; lastKnownFileType = file.storyboard; path = HomePage.storyboard; sourceTree = "<group>"; };
		0FA6381E1DF6B50C00D23293 /* ImageHelper.swift */ = {isa = PBXFileReference; fileEncoding = 4; lastKnownFileType = sourcecode.swift; path = ImageHelper.swift; sourceTree = "<group>"; };
		0FA6381F1DF6B50C00D23293 /* ImageVIewExtension.swift */ = {isa = PBXFileReference; fileEncoding = 4; lastKnownFileType = sourcecode.swift; path = ImageVIewExtension.swift; sourceTree = "<group>"; };
		0FA638221DF6B53000D23293 /* SliderGalleryController.swift */ = {isa = PBXFileReference; fileEncoding = 4; lastKnownFileType = sourcecode.swift; path = SliderGalleryController.swift; sourceTree = "<group>"; };
		0FA638231DF6B53000D23293 /* HomePageController.swift */ = {isa = PBXFileReference; fileEncoding = 4; lastKnownFileType = sourcecode.swift; path = HomePageController.swift; sourceTree = "<group>"; };
		0FA638241DF6B53000D23293 /* HomeController.swift */ = {isa = PBXFileReference; fileEncoding = 4; lastKnownFileType = sourcecode.swift; path = HomeController.swift; sourceTree = "<group>"; };
		0FA638281DF6B9BF00D23293 /* ViewController.swift */ = {isa = PBXFileReference; fileEncoding = 4; lastKnownFileType = sourcecode.swift; path = ViewController.swift; sourceTree = "<group>"; };
		0FE0D4571DF6664D000FE7E1 /* Alamofire.xcodeproj */ = {isa = PBXFileReference; lastKnownFileType = "wrapper.pb-project"; name = Alamofire.xcodeproj; path = "../Alamofire-master/Alamofire.xcodeproj"; sourceTree = "<group>"; };
		AB0604031DF1573E005839DB /* RegisterViewController.swift */ = {isa = PBXFileReference; fileEncoding = 4; lastKnownFileType = sourcecode.swift; path = RegisterViewController.swift; sourceTree = "<group>"; };
		AB0604081DF17C73005839DB /* ForgetPasswordViewController.swift */ = {isa = PBXFileReference; fileEncoding = 4; lastKnownFileType = sourcecode.swift; path = ForgetPasswordViewController.swift; sourceTree = "<group>"; };
		AB269AFF1DF5083500CFE95B /* DefaultHttp.swift */ = {isa = PBXFileReference; fileEncoding = 4; lastKnownFileType = sourcecode.swift; path = DefaultHttp.swift; sourceTree = "<group>"; };
		AB269B6F1DF5597800CFE95B /* RAMBounceAnimation.swift */ = {isa = PBXFileReference; fileEncoding = 4; lastKnownFileType = sourcecode.swift; path = RAMBounceAnimation.swift; sourceTree = "<group>"; };
		AB269B711DF5597800CFE95B /* RAMFrameItemAnimation.swift */ = {isa = PBXFileReference; fileEncoding = 4; lastKnownFileType = sourcecode.swift; path = RAMFrameItemAnimation.swift; sourceTree = "<group>"; };
		AB269B731DF5597800CFE95B /* RAMFumeAnimation.swift */ = {isa = PBXFileReference; fileEncoding = 4; lastKnownFileType = sourcecode.swift; path = RAMFumeAnimation.swift; sourceTree = "<group>"; };
		AB269B751DF5597800CFE95B /* RAMRotationAnimation.swift */ = {isa = PBXFileReference; fileEncoding = 4; lastKnownFileType = sourcecode.swift; path = RAMRotationAnimation.swift; sourceTree = "<group>"; };
		AB269B771DF5597800CFE95B /* RAMTransitionItemAnimations.swift */ = {isa = PBXFileReference; fileEncoding = 4; lastKnownFileType = sourcecode.swift; path = RAMTransitionItemAnimations.swift; sourceTree = "<group>"; };
		AB269B781DF5597800CFE95B /* RAMAnimatedTabBarController.swift */ = {isa = PBXFileReference; fileEncoding = 4; lastKnownFileType = sourcecode.swift; path = RAMAnimatedTabBarController.swift; sourceTree = "<group>"; };
		AB269B7A1DF5597800CFE95B /* RAMBadge.swift */ = {isa = PBXFileReference; fileEncoding = 4; lastKnownFileType = sourcecode.swift; path = RAMBadge.swift; sourceTree = "<group>"; };
		AB269B7B1DF5597800CFE95B /* RAMItemAnimationProtocol.swift */ = {isa = PBXFileReference; fileEncoding = 4; lastKnownFileType = sourcecode.swift; path = RAMItemAnimationProtocol.swift; sourceTree = "<group>"; };
		AB2F6B471DF5642300AC94BD /* TabViewController.swift */ = {isa = PBXFileReference; fileEncoding = 4; lastKnownFileType = sourcecode.swift; path = TabViewController.swift; sourceTree = "<group>"; };
		ABEA38671DEFB44A0074A234 /* DriverIos.app */ = {isa = PBXFileReference; explicitFileType = wrapper.application; includeInIndex = 0; path = DriverIos.app; sourceTree = BUILT_PRODUCTS_DIR; };
		ABEA386A1DEFB44A0074A234 /* AppDelegate.swift */ = {isa = PBXFileReference; lastKnownFileType = sourcecode.swift; path = AppDelegate.swift; sourceTree = "<group>"; };
		ABEA386F1DEFB44A0074A234 /* Base */ = {isa = PBXFileReference; lastKnownFileType = file.storyboard; name = Base; path = Base.lproj/Main.storyboard; sourceTree = "<group>"; };
		ABEA38721DEFB44A0074A234 /* DriverIos.xcdatamodel */ = {isa = PBXFileReference; lastKnownFileType = wrapper.xcdatamodel; path = DriverIos.xcdatamodel; sourceTree = "<group>"; };
		ABEA38741DEFB44A0074A234 /* Assets.xcassets */ = {isa = PBXFileReference; lastKnownFileType = folder.assetcatalog; path = Assets.xcassets; sourceTree = "<group>"; };
		ABEA38771DEFB44A0074A234 /* Base */ = {isa = PBXFileReference; lastKnownFileType = file.storyboard; name = Base; path = Base.lproj/LaunchScreen.storyboard; sourceTree = "<group>"; };
		ABEA38791DEFB44A0074A234 /* Info.plist */ = {isa = PBXFileReference; lastKnownFileType = text.plist.xml; path = Info.plist; sourceTree = "<group>"; };
		ABEA387E1DEFB44A0074A234 /* DriverIosTests.xctest */ = {isa = PBXFileReference; explicitFileType = wrapper.cfbundle; includeInIndex = 0; path = DriverIosTests.xctest; sourceTree = BUILT_PRODUCTS_DIR; };
		ABEA38821DEFB44A0074A234 /* DriverIosTests.swift */ = {isa = PBXFileReference; lastKnownFileType = sourcecode.swift; path = DriverIosTests.swift; sourceTree = "<group>"; };
		ABEA38841DEFB44A0074A234 /* Info.plist */ = {isa = PBXFileReference; lastKnownFileType = text.plist.xml; path = Info.plist; sourceTree = "<group>"; };
		ABEA38891DEFB44A0074A234 /* DriverIosUITests.xctest */ = {isa = PBXFileReference; explicitFileType = wrapper.cfbundle; includeInIndex = 0; path = DriverIosUITests.xctest; sourceTree = BUILT_PRODUCTS_DIR; };
		ABEA388D1DEFB44A0074A234 /* DriverIosUITests.swift */ = {isa = PBXFileReference; lastKnownFileType = sourcecode.swift; path = DriverIosUITests.swift; sourceTree = "<group>"; };
		ABEA388F1DEFB44A0074A234 /* Info.plist */ = {isa = PBXFileReference; lastKnownFileType = text.plist.xml; path = Info.plist; sourceTree = "<group>"; };
		ABEA389D1DEFB4D50074A234 /* LoginViewController.swift */ = {isa = PBXFileReference; fileEncoding = 4; lastKnownFileType = sourcecode.swift; path = LoginViewController.swift; sourceTree = "<group>"; };
/* End PBXFileReference section */

/* Begin PBXFrameworksBuildPhase section */
		ABEA38641DEFB44A0074A234 /* Frameworks */ = {
			isa = PBXFrameworksBuildPhase;
			buildActionMask = 2147483647;
			files = (
				0FE0D4701DF66658000FE7E1 /* Alamofire.framework in Frameworks */,
			);
			runOnlyForDeploymentPostprocessing = 0;
		};
		ABEA387B1DEFB44A0074A234 /* Frameworks */ = {
			isa = PBXFrameworksBuildPhase;
			buildActionMask = 2147483647;
			files = (
			);
			runOnlyForDeploymentPostprocessing = 0;
		};
		ABEA38861DEFB44A0074A234 /* Frameworks */ = {
			isa = PBXFrameworksBuildPhase;
			buildActionMask = 2147483647;
			files = (
			);
			runOnlyForDeploymentPostprocessing = 0;
		};
/* End PBXFrameworksBuildPhase section */

/* Begin PBXGroup section */
		0FA6381A1DF6B48A00D23293 /* HomePage */ = {
			isa = PBXGroup;
			children = (
				0FA6381D1DF6B4F800D23293 /* imageHelper */,
				0FA638221DF6B53000D23293 /* SliderGalleryController.swift */,
				0FA638231DF6B53000D23293 /* HomePageController.swift */,
				0FA638241DF6B53000D23293 /* HomeController.swift */,
				0FA6381B1DF6B4B600D23293 /* HomePage.storyboard */,
				0FA638281DF6B9BF00D23293 /* ViewController.swift */,
			);
			name = HomePage;
			sourceTree = "<group>";
		};
		0FA6381D1DF6B4F800D23293 /* imageHelper */ = {
			isa = PBXGroup;
			children = (
				0FA6381E1DF6B50C00D23293 /* ImageHelper.swift */,
				0FA6381F1DF6B50C00D23293 /* ImageVIewExtension.swift */,
			);
			name = imageHelper;
			sourceTree = "<group>";
		};
		0FE0D4581DF6664D000FE7E1 /* Products */ = {
			isa = PBXGroup;
			children = (
				0FE0D4631DF6664D000FE7E1 /* Alamofire.framework */,
				0FE0D4651DF6664D000FE7E1 /* Alamofire iOS Tests.xctest */,
				0FE0D4671DF6664D000FE7E1 /* Alamofire.framework */,
				0FE0D4691DF6664D000FE7E1 /* Alamofire macOS Tests.xctest */,
				0FE0D46B1DF6664D000FE7E1 /* Alamofire.framework */,
				0FE0D46D1DF6664D000FE7E1 /* Alamofire tvOS Tests.xctest */,
				0FE0D46F1DF6664D000FE7E1 /* Alamofire.framework */,
			);
			name = Products;
			sourceTree = "<group>";
		};
		AB269B6C1DF5597800CFE95B /* RAMAnimatedTabBarController */ = {
			isa = PBXGroup;
			children = (
				AB269B6D1DF5597800CFE95B /* Animations */,
				AB269B781DF5597800CFE95B /* RAMAnimatedTabBarController.swift */,
				AB269B791DF5597800CFE95B /* RAMBadge */,
				AB269B7B1DF5597800CFE95B /* RAMItemAnimationProtocol.swift */,
			);
			path = RAMAnimatedTabBarController;
			sourceTree = "<group>";
		};
		AB269B6D1DF5597800CFE95B /* Animations */ = {
			isa = PBXGroup;
			children = (
				AB269B6E1DF5597800CFE95B /* BounceAnimation */,
				AB269B701DF5597800CFE95B /* FrameAnimation */,
				AB269B721DF5597800CFE95B /* FumeAnimation */,
				AB269B741DF5597800CFE95B /* RotationAnimation */,
				AB269B761DF5597800CFE95B /* TransitionAniamtions */,
			);
			path = Animations;
			sourceTree = "<group>";
		};
		AB269B6E1DF5597800CFE95B /* BounceAnimation */ = {
			isa = PBXGroup;
			children = (
				AB269B6F1DF5597800CFE95B /* RAMBounceAnimation.swift */,
			);
			path = BounceAnimation;
			sourceTree = "<group>";
		};
		AB269B701DF5597800CFE95B /* FrameAnimation */ = {
			isa = PBXGroup;
			children = (
				AB269B711DF5597800CFE95B /* RAMFrameItemAnimation.swift */,
			);
			path = FrameAnimation;
			sourceTree = "<group>";
		};
		AB269B721DF5597800CFE95B /* FumeAnimation */ = {
			isa = PBXGroup;
			children = (
				AB269B731DF5597800CFE95B /* RAMFumeAnimation.swift */,
			);
			path = FumeAnimation;
			sourceTree = "<group>";
		};
		AB269B741DF5597800CFE95B /* RotationAnimation */ = {
			isa = PBXGroup;
			children = (
				AB269B751DF5597800CFE95B /* RAMRotationAnimation.swift */,
			);
			path = RotationAnimation;
			sourceTree = "<group>";
		};
		AB269B761DF5597800CFE95B /* TransitionAniamtions */ = {
			isa = PBXGroup;
			children = (
				AB269B771DF5597800CFE95B /* RAMTransitionItemAnimations.swift */,
			);
			path = TransitionAniamtions;
			sourceTree = "<group>";
		};
		AB269B791DF5597800CFE95B /* RAMBadge */ = {
			isa = PBXGroup;
			children = (
				AB269B7A1DF5597800CFE95B /* RAMBadge.swift */,
			);
			path = RAMBadge;
			sourceTree = "<group>";
		};
		ABEA385E1DEFB44A0074A234 = {
			isa = PBXGroup;
			children = (
				0FE0D4571DF6664D000FE7E1 /* Alamofire.xcodeproj */,
				ABEA38691DEFB44A0074A234 /* DriverIos */,
				ABEA38811DEFB44A0074A234 /* DriverIosTests */,
				ABEA388C1DEFB44A0074A234 /* DriverIosUITests */,
				ABEA38681DEFB44A0074A234 /* Products */,
			);
			sourceTree = "<group>";
		};
		ABEA38681DEFB44A0074A234 /* Products */ = {
			isa = PBXGroup;
			children = (
				ABEA38671DEFB44A0074A234 /* DriverIos.app */,
				ABEA387E1DEFB44A0074A234 /* DriverIosTests.xctest */,
				ABEA38891DEFB44A0074A234 /* DriverIosUITests.xctest */,
			);
			name = Products;
			sourceTree = "<group>";
		};
		ABEA38691DEFB44A0074A234 /* DriverIos */ = {
			isa = PBXGroup;
			children = (
				0FA6381A1DF6B48A00D23293 /* HomePage */,
				AB269B6C1DF5597800CFE95B /* RAMAnimatedTabBarController */,
				ABEA389C1DEFB47D0074A234 /* Supporting Files */,
				ABEA386E1DEFB44A0074A234 /* Main.storyboard */,
				AB0604081DF17C73005839DB /* ForgetPasswordViewController.swift */,
				ABEA38711DEFB44A0074A234 /* DriverIos.xcdatamodeld */,
				ABEA389D1DEFB4D50074A234 /* LoginViewController.swift */,
				AB0604031DF1573E005839DB /* RegisterViewController.swift */,
				AB269AFF1DF5083500CFE95B /* DefaultHttp.swift */,
				AB2F6B471DF5642300AC94BD /* TabViewController.swift */,
			);
			path = DriverIos;
			sourceTree = "<group>";
		};
		ABEA38811DEFB44A0074A234 /* DriverIosTests */ = {
			isa = PBXGroup;
			children = (
				ABEA38821DEFB44A0074A234 /* DriverIosTests.swift */,
				ABEA38841DEFB44A0074A234 /* Info.plist */,
			);
			path = DriverIosTests;
			sourceTree = "<group>";
		};
		ABEA388C1DEFB44A0074A234 /* DriverIosUITests */ = {
			isa = PBXGroup;
			children = (
				ABEA388D1DEFB44A0074A234 /* DriverIosUITests.swift */,
				ABEA388F1DEFB44A0074A234 /* Info.plist */,
			);
			path = DriverIosUITests;
			sourceTree = "<group>";
		};
		ABEA389C1DEFB47D0074A234 /* Supporting Files */ = {
			isa = PBXGroup;
			children = (
				ABEA386A1DEFB44A0074A234 /* AppDelegate.swift */,
				ABEA38741DEFB44A0074A234 /* Assets.xcassets */,
				ABEA38761DEFB44A0074A234 /* LaunchScreen.storyboard */,
				ABEA38791DEFB44A0074A234 /* Info.plist */,
			);
			name = "Supporting Files";
			sourceTree = "<group>";
		};
/* End PBXGroup section */

/* Begin PBXNativeTarget section */
		ABEA38661DEFB44A0074A234 /* DriverIos */ = {
			isa = PBXNativeTarget;
			buildConfigurationList = ABEA38921DEFB44A0074A234 /* Build configuration list for PBXNativeTarget "DriverIos" */;
			buildPhases = (
				ABEA38631DEFB44A0074A234 /* Sources */,
				ABEA38641DEFB44A0074A234 /* Frameworks */,
				ABEA38651DEFB44A0074A234 /* Resources */,
				AB269B511DF50A4400CFE95B /* Embed Frameworks */,
			);
			buildRules = (
			);
			dependencies = (
				0FE0D4731DF66658000FE7E1 /* PBXTargetDependency */,
			);
			name = DriverIos;
			productName = DriverIos;
			productReference = ABEA38671DEFB44A0074A234 /* DriverIos.app */;
			productType = "com.apple.product-type.application";
		};
		ABEA387D1DEFB44A0074A234 /* DriverIosTests */ = {
			isa = PBXNativeTarget;
			buildConfigurationList = ABEA38951DEFB44A0074A234 /* Build configuration list for PBXNativeTarget "DriverIosTests" */;
			buildPhases = (
				ABEA387A1DEFB44A0074A234 /* Sources */,
				ABEA387B1DEFB44A0074A234 /* Frameworks */,
				ABEA387C1DEFB44A0074A234 /* Resources */,
			);
			buildRules = (
			);
			dependencies = (
				ABEA38801DEFB44A0074A234 /* PBXTargetDependency */,
			);
			name = DriverIosTests;
			productName = DriverIosTests;
			productReference = ABEA387E1DEFB44A0074A234 /* DriverIosTests.xctest */;
			productType = "com.apple.product-type.bundle.unit-test";
		};
		ABEA38881DEFB44A0074A234 /* DriverIosUITests */ = {
			isa = PBXNativeTarget;
			buildConfigurationList = ABEA38981DEFB44A0074A234 /* Build configuration list for PBXNativeTarget "DriverIosUITests" */;
			buildPhases = (
				ABEA38851DEFB44A0074A234 /* Sources */,
				ABEA38861DEFB44A0074A234 /* Frameworks */,
				ABEA38871DEFB44A0074A234 /* Resources */,
			);
			buildRules = (
			);
			dependencies = (
				ABEA388B1DEFB44A0074A234 /* PBXTargetDependency */,
			);
			name = DriverIosUITests;
			productName = DriverIosUITests;
			productReference = ABEA38891DEFB44A0074A234 /* DriverIosUITests.xctest */;
			productType = "com.apple.product-type.bundle.ui-testing";
		};
/* End PBXNativeTarget section */

/* Begin PBXProject section */
		ABEA385F1DEFB44A0074A234 /* Project object */ = {
			isa = PBXProject;
			attributes = {
				LastSwiftUpdateCheck = 0800;
				LastUpgradeCheck = 0810;
				ORGANIZATIONNAME = weiming;
				TargetAttributes = {
					ABEA38661DEFB44A0074A234 = {
						CreatedOnToolsVersion = 8.0;
						DevelopmentTeam = YZF2QX5937;
						ProvisioningStyle = Automatic;
					};
					ABEA387D1DEFB44A0074A234 = {
						CreatedOnToolsVersion = 8.0;
						DevelopmentTeam = 99B46ZN53C;
						ProvisioningStyle = Automatic;
						TestTargetID = ABEA38661DEFB44A0074A234;
					};
					ABEA38881DEFB44A0074A234 = {
						CreatedOnToolsVersion = 8.0;
						DevelopmentTeam = 99B46ZN53C;
						ProvisioningStyle = Automatic;
						TestTargetID = ABEA38661DEFB44A0074A234;
					};
				};
			};
			buildConfigurationList = ABEA38621DEFB44A0074A234 /* Build configuration list for PBXProject "DriverIos" */;
			compatibilityVersion = "Xcode 3.2";
			developmentRegion = English;
			hasScannedForEncodings = 0;
			knownRegions = (
				en,
				Base,
			);
			mainGroup = ABEA385E1DEFB44A0074A234;
			productRefGroup = ABEA38681DEFB44A0074A234 /* Products */;
			projectDirPath = "";
			projectReferences = (
				{
					ProductGroup = 0FE0D4581DF6664D000FE7E1 /* Products */;
					ProjectRef = 0FE0D4571DF6664D000FE7E1 /* Alamofire.xcodeproj */;
				},
			);
			projectRoot = "";
			targets = (
				ABEA38661DEFB44A0074A234 /* DriverIos */,
				ABEA387D1DEFB44A0074A234 /* DriverIosTests */,
				ABEA38881DEFB44A0074A234 /* DriverIosUITests */,
			);
		};
/* End PBXProject section */

/* Begin PBXReferenceProxy section */
		0FE0D4631DF6664D000FE7E1 /* Alamofire.framework */ = {
			isa = PBXReferenceProxy;
			fileType = wrapper.framework;
			path = Alamofire.framework;
			remoteRef = 0FE0D4621DF6664D000FE7E1 /* PBXContainerItemProxy */;
			sourceTree = BUILT_PRODUCTS_DIR;
		};
		0FE0D4651DF6664D000FE7E1 /* Alamofire iOS Tests.xctest */ = {
			isa = PBXReferenceProxy;
			fileType = wrapper.cfbundle;
			path = "Alamofire iOS Tests.xctest";
			remoteRef = 0FE0D4641DF6664D000FE7E1 /* PBXContainerItemProxy */;
			sourceTree = BUILT_PRODUCTS_DIR;
		};
		0FE0D4671DF6664D000FE7E1 /* Alamofire.framework */ = {
			isa = PBXReferenceProxy;
			fileType = wrapper.framework;
			path = Alamofire.framework;
			remoteRef = 0FE0D4661DF6664D000FE7E1 /* PBXContainerItemProxy */;
			sourceTree = BUILT_PRODUCTS_DIR;
		};
		0FE0D4691DF6664D000FE7E1 /* Alamofire macOS Tests.xctest */ = {
			isa = PBXReferenceProxy;
			fileType = wrapper.cfbundle;
			path = "Alamofire macOS Tests.xctest";
			remoteRef = 0FE0D4681DF6664D000FE7E1 /* PBXContainerItemProxy */;
			sourceTree = BUILT_PRODUCTS_DIR;
		};
		0FE0D46B1DF6664D000FE7E1 /* Alamofire.framework */ = {
			isa = PBXReferenceProxy;
			fileType = wrapper.framework;
			path = Alamofire.framework;
			remoteRef = 0FE0D46A1DF6664D000FE7E1 /* PBXContainerItemProxy */;
			sourceTree = BUILT_PRODUCTS_DIR;
		};
		0FE0D46D1DF6664D000FE7E1 /* Alamofire tvOS Tests.xctest */ = {
			isa = PBXReferenceProxy;
			fileType = wrapper.cfbundle;
			path = "Alamofire tvOS Tests.xctest";
			remoteRef = 0FE0D46C1DF6664D000FE7E1 /* PBXContainerItemProxy */;
			sourceTree = BUILT_PRODUCTS_DIR;
		};
		0FE0D46F1DF6664D000FE7E1 /* Alamofire.framework */ = {
			isa = PBXReferenceProxy;
			fileType = wrapper.framework;
			path = Alamofire.framework;
			remoteRef = 0FE0D46E1DF6664D000FE7E1 /* PBXContainerItemProxy */;
			sourceTree = BUILT_PRODUCTS_DIR;
		};
/* End PBXReferenceProxy section */

/* Begin PBXResourcesBuildPhase section */
		ABEA38651DEFB44A0074A234 /* Resources */ = {
			isa = PBXResourcesBuildPhase;
			buildActionMask = 2147483647;
			files = (
				0FA6381C1DF6B4B600D23293 /* HomePage.storyboard in Resources */,
				ABEA38781DEFB44A0074A234 /* LaunchScreen.storyboard in Resources */,
				ABEA38751DEFB44A0074A234 /* Assets.xcassets in Resources */,
				ABEA38701DEFB44A0074A234 /* Main.storyboard in Resources */,
			);
			runOnlyForDeploymentPostprocessing = 0;
		};
		ABEA387C1DEFB44A0074A234 /* Resources */ = {
			isa = PBXResourcesBuildPhase;
			buildActionMask = 2147483647;
			files = (
			);
			runOnlyForDeploymentPostprocessing = 0;
		};
		ABEA38871DEFB44A0074A234 /* Resources */ = {
			isa = PBXResourcesBuildPhase;
			buildActionMask = 2147483647;
			files = (
			);
			runOnlyForDeploymentPostprocessing = 0;
		};
/* End PBXResourcesBuildPhase section */

/* Begin PBXSourcesBuildPhase section */
		ABEA38631DEFB44A0074A234 /* Sources */ = {
			isa = PBXSourcesBuildPhase;
			buildActionMask = 2147483647;
			files = (
				AB269B7D1DF5597800CFE95B /* RAMFrameItemAnimation.swift in Sources */,
				0FA638261DF6B53000D23293 /* HomePageController.swift in Sources */,
				0FA638271DF6B53000D23293 /* HomeController.swift in Sources */,
				AB269B811DF5597800CFE95B /* RAMAnimatedTabBarController.swift in Sources */,
				0FA638291DF6B9BF00D23293 /* ViewController.swift in Sources */,
				ABEA389E1DEFB4D50074A234 /* LoginViewController.swift in Sources */,
				AB2F6B481DF5642300AC94BD /* TabViewController.swift in Sources */,
				AB269B7C1DF5597800CFE95B /* RAMBounceAnimation.swift in Sources */,
				0FA638211DF6B50C00D23293 /* ImageVIewExtension.swift in Sources */,
				AB269B001DF5083500CFE95B /* DefaultHttp.swift in Sources */,
				AB269B7E1DF5597800CFE95B /* RAMFumeAnimation.swift in Sources */,
				ABEA38731DEFB44A0074A234 /* DriverIos.xcdatamodeld in Sources */,
				AB0604091DF17C73005839DB /* ForgetPasswordViewController.swift in Sources */,
				AB269B831DF5597800CFE95B /* RAMItemAnimationProtocol.swift in Sources */,
				0FA638251DF6B53000D23293 /* SliderGalleryController.swift in Sources */,
				ABEA386B1DEFB44A0074A234 /* AppDelegate.swift in Sources */,
				AB269B821DF5597800CFE95B /* RAMBadge.swift in Sources */,
				AB0604041DF1573E005839DB /* RegisterViewController.swift in Sources */,
				AB269B7F1DF5597800CFE95B /* RAMRotationAnimation.swift in Sources */,
				AB269B801DF5597800CFE95B /* RAMTransitionItemAnimations.swift in Sources */,
				0FA638201DF6B50C00D23293 /* ImageHelper.swift in Sources */,
			);
			runOnlyForDeploymentPostprocessing = 0;
		};
		ABEA387A1DEFB44A0074A234 /* Sources */ = {
			isa = PBXSourcesBuildPhase;
			buildActionMask = 2147483647;
			files = (
				ABEA38831DEFB44A0074A234 /* DriverIosTests.swift in Sources */,
			);
			runOnlyForDeploymentPostprocessing = 0;
		};
		ABEA38851DEFB44A0074A234 /* Sources */ = {
			isa = PBXSourcesBuildPhase;
			buildActionMask = 2147483647;
			files = (
				ABEA388E1DEFB44A0074A234 /* DriverIosUITests.swift in Sources */,
			);
			runOnlyForDeploymentPostprocessing = 0;
		};
/* End PBXSourcesBuildPhase section */

/* Begin PBXTargetDependency section */
		0FE0D4731DF66658000FE7E1 /* PBXTargetDependency */ = {
			isa = PBXTargetDependency;
			name = "Alamofire iOS";
			targetProxy = 0FE0D4721DF66658000FE7E1 /* PBXContainerItemProxy */;
		};
		ABEA38801DEFB44A0074A234 /* PBXTargetDependency */ = {
			isa = PBXTargetDependency;
			target = ABEA38661DEFB44A0074A234 /* DriverIos */;
			targetProxy = ABEA387F1DEFB44A0074A234 /* PBXContainerItemProxy */;
		};
		ABEA388B1DEFB44A0074A234 /* PBXTargetDependency */ = {
			isa = PBXTargetDependency;
			target = ABEA38661DEFB44A0074A234 /* DriverIos */;
			targetProxy = ABEA388A1DEFB44A0074A234 /* PBXContainerItemProxy */;
		};
/* End PBXTargetDependency section */

/* Begin PBXVariantGroup section */
		ABEA386E1DEFB44A0074A234 /* Main.storyboard */ = {
			isa = PBXVariantGroup;
			children = (
				ABEA386F1DEFB44A0074A234 /* Base */,
			);
			name = Main.storyboard;
			sourceTree = "<group>";
		};
		ABEA38761DEFB44A0074A234 /* LaunchScreen.storyboard */ = {
			isa = PBXVariantGroup;
			children = (
				ABEA38771DEFB44A0074A234 /* Base */,
			);
			name = LaunchScreen.storyboard;
			sourceTree = "<group>";
		};
/* End PBXVariantGroup section */

/* Begin XCBuildConfiguration section */
		ABEA38901DEFB44A0074A234 /* Debug */ = {
			isa = XCBuildConfiguration;
			buildSettings = {
				ALWAYS_SEARCH_USER_PATHS = NO;
				CLANG_ANALYZER_NONNULL = YES;
				CLANG_CXX_LANGUAGE_STANDARD = "gnu++0x";
				CLANG_CXX_LIBRARY = "libc++";
				CLANG_ENABLE_MODULES = YES;
				CLANG_ENABLE_OBJC_ARC = YES;
				CLANG_WARN_BOOL_CONVERSION = YES;
				CLANG_WARN_CONSTANT_CONVERSION = YES;
				CLANG_WARN_DIRECT_OBJC_ISA_USAGE = YES_ERROR;
				CLANG_WARN_DOCUMENTATION_COMMENTS = YES;
				CLANG_WARN_EMPTY_BODY = YES;
				CLANG_WARN_ENUM_CONVERSION = YES;
				CLANG_WARN_INFINITE_RECURSION = YES;
				CLANG_WARN_INT_CONVERSION = YES;
				CLANG_WARN_OBJC_ROOT_CLASS = YES_ERROR;
				CLANG_WARN_SUSPICIOUS_MOVE = YES;
				CLANG_WARN_SUSPICIOUS_MOVES = YES;
				CLANG_WARN_UNREACHABLE_CODE = YES;
				CLANG_WARN__DUPLICATE_METHOD_MATCH = YES;
				"CODE_SIGN_IDENTITY[sdk=iphoneos*]" = "iPhone Developer";
				COPY_PHASE_STRIP = NO;
				DEBUG_INFORMATION_FORMAT = dwarf;
				ENABLE_STRICT_OBJC_MSGSEND = YES;
				ENABLE_TESTABILITY = YES;
				GCC_C_LANGUAGE_STANDARD = gnu99;
				GCC_DYNAMIC_NO_PIC = NO;
				GCC_NO_COMMON_BLOCKS = YES;
				GCC_OPTIMIZATION_LEVEL = 0;
				GCC_PREPROCESSOR_DEFINITIONS = (
					"DEBUG=1",
					"$(inherited)",
				);
				GCC_WARN_64_TO_32_BIT_CONVERSION = YES;
				GCC_WARN_ABOUT_RETURN_TYPE = YES_ERROR;
				GCC_WARN_UNDECLARED_SELECTOR = YES;
				GCC_WARN_UNINITIALIZED_AUTOS = YES_AGGRESSIVE;
				GCC_WARN_UNUSED_FUNCTION = YES;
				GCC_WARN_UNUSED_VARIABLE = YES;
				IPHONEOS_DEPLOYMENT_TARGET = 10.0;
				MTL_ENABLE_DEBUG_INFO = YES;
				ONLY_ACTIVE_ARCH = YES;
				SDKROOT = iphoneos;
				SWIFT_ACTIVE_COMPILATION_CONDITIONS = DEBUG;
				SWIFT_OPTIMIZATION_LEVEL = "-Onone";
				TARGETED_DEVICE_FAMILY = "1,2";
			};
			name = Debug;
		};
		ABEA38911DEFB44A0074A234 /* Release */ = {
			isa = XCBuildConfiguration;
			buildSettings = {
				ALWAYS_SEARCH_USER_PATHS = NO;
				CLANG_ANALYZER_NONNULL = YES;
				CLANG_CXX_LANGUAGE_STANDARD = "gnu++0x";
				CLANG_CXX_LIBRARY = "libc++";
				CLANG_ENABLE_MODULES = YES;
				CLANG_ENABLE_OBJC_ARC = YES;
				CLANG_WARN_BOOL_CONVERSION = YES;
				CLANG_WARN_CONSTANT_CONVERSION = YES;
				CLANG_WARN_DIRECT_OBJC_ISA_USAGE = YES_ERROR;
				CLANG_WARN_DOCUMENTATION_COMMENTS = YES;
				CLANG_WARN_EMPTY_BODY = YES;
				CLANG_WARN_ENUM_CONVERSION = YES;
				CLANG_WARN_INFINITE_RECURSION = YES;
				CLANG_WARN_INT_CONVERSION = YES;
				CLANG_WARN_OBJC_ROOT_CLASS = YES_ERROR;
				CLANG_WARN_SUSPICIOUS_MOVE = YES;
				CLANG_WARN_SUSPICIOUS_MOVES = YES;
				CLANG_WARN_UNREACHABLE_CODE = YES;
				CLANG_WARN__DUPLICATE_METHOD_MATCH = YES;
				"CODE_SIGN_IDENTITY[sdk=iphoneos*]" = "iPhone Developer";
				COPY_PHASE_STRIP = NO;
				DEBUG_INFORMATION_FORMAT = "dwarf-with-dsym";
				ENABLE_NS_ASSERTIONS = NO;
				ENABLE_STRICT_OBJC_MSGSEND = YES;
				GCC_C_LANGUAGE_STANDARD = gnu99;
				GCC_NO_COMMON_BLOCKS = YES;
				GCC_WARN_64_TO_32_BIT_CONVERSION = YES;
				GCC_WARN_ABOUT_RETURN_TYPE = YES_ERROR;
				GCC_WARN_UNDECLARED_SELECTOR = YES;
				GCC_WARN_UNINITIALIZED_AUTOS = YES_AGGRESSIVE;
				GCC_WARN_UNUSED_FUNCTION = YES;
				GCC_WARN_UNUSED_VARIABLE = YES;
				IPHONEOS_DEPLOYMENT_TARGET = 10.0;
				MTL_ENABLE_DEBUG_INFO = NO;
				SDKROOT = iphoneos;
				SWIFT_OPTIMIZATION_LEVEL = "-Owholemodule";
				TARGETED_DEVICE_FAMILY = "1,2";
				VALIDATE_PRODUCT = YES;
			};
			name = Release;
		};
		ABEA38931DEFB44A0074A234 /* Debug */ = {
			isa = XCBuildConfiguration;
			buildSettings = {
				ALWAYS_EMBED_SWIFT_STANDARD_LIBRARIES = YES;
				ASSETCATALOG_COMPILER_APPICON_NAME = AppIcon;
				CODE_SIGN_IDENTITY = "iPhone Developer";
				"CODE_SIGN_IDENTITY[sdk=iphoneos*]" = "iPhone Developer";
				DEVELOPMENT_TEAM = YZF2QX5937;
				INFOPLIST_FILE = DriverIos/Info.plist;
				IPHONEOS_DEPLOYMENT_TARGET = 10.0;
				LD_RUNPATH_SEARCH_PATHS = "$(inherited) @executable_path/Frameworks";
				PRODUCT_BUNDLE_IDENTIFIER = com.yunba.carrier;
				PRODUCT_NAME = "$(TARGET_NAME)";
				SWIFT_VERSION = 3.0;
				TARGETED_DEVICE_FAMILY = "1,2";
			};
			name = Debug;
		};
		ABEA38941DEFB44A0074A234 /* Release */ = {
			isa = XCBuildConfiguration;
			buildSettings = {
				ALWAYS_EMBED_SWIFT_STANDARD_LIBRARIES = YES;
				ASSETCATALOG_COMPILER_APPICON_NAME = AppIcon;
				CODE_SIGN_IDENTITY = "iPhone Developer";
				"CODE_SIGN_IDENTITY[sdk=iphoneos*]" = "iPhone Developer";
				DEVELOPMENT_TEAM = YZF2QX5937;
				INFOPLIST_FILE = DriverIos/Info.plist;
				IPHONEOS_DEPLOYMENT_TARGET = 10.0;
				LD_RUNPATH_SEARCH_PATHS = "$(inherited) @executable_path/Frameworks";
				PRODUCT_BUNDLE_IDENTIFIER = com.yunba.carrier;
				PRODUCT_NAME = "$(TARGET_NAME)";
				SWIFT_VERSION = 3.0;
				TARGETED_DEVICE_FAMILY = "1,2";
			};
			name = Release;
		};
		ABEA38961DEFB44A0074A234 /* Debug */ = {
			isa = XCBuildConfiguration;
			buildSettings = {
				ALWAYS_EMBED_SWIFT_STANDARD_LIBRARIES = YES;
				BUNDLE_LOADER = "$(TEST_HOST)";
				DEVELOPMENT_TEAM = 99B46ZN53C;
				INFOPLIST_FILE = DriverIosTests/Info.plist;
				LD_RUNPATH_SEARCH_PATHS = "$(inherited) @executable_path/Frameworks @loader_path/Frameworks";
				PRODUCT_BUNDLE_IDENTIFIER = com.weimingfj.driver.DriverIosTests;
				PRODUCT_NAME = "$(TARGET_NAME)";
				SWIFT_VERSION = 3.0;
				TEST_HOST = "$(BUILT_PRODUCTS_DIR)/DriverIos.app/DriverIos";
			};
			name = Debug;
		};
		ABEA38971DEFB44A0074A234 /* Release */ = {
			isa = XCBuildConfiguration;
			buildSettings = {
				ALWAYS_EMBED_SWIFT_STANDARD_LIBRARIES = YES;
				BUNDLE_LOADER = "$(TEST_HOST)";
				DEVELOPMENT_TEAM = 99B46ZN53C;
				INFOPLIST_FILE = DriverIosTests/Info.plist;
				LD_RUNPATH_SEARCH_PATHS = "$(inherited) @executable_path/Frameworks @loader_path/Frameworks";
				PRODUCT_BUNDLE_IDENTIFIER = com.weimingfj.driver.DriverIosTests;
				PRODUCT_NAME = "$(TARGET_NAME)";
				SWIFT_VERSION = 3.0;
				TEST_HOST = "$(BUILT_PRODUCTS_DIR)/DriverIos.app/DriverIos";
			};
			name = Release;
		};
		ABEA38991DEFB44A0074A234 /* Debug */ = {
			isa = XCBuildConfiguration;
			buildSettings = {
				ALWAYS_EMBED_SWIFT_STANDARD_LIBRARIES = YES;
				DEVELOPMENT_TEAM = 99B46ZN53C;
				INFOPLIST_FILE = DriverIosUITests/Info.plist;
				LD_RUNPATH_SEARCH_PATHS = "$(inherited) @executable_path/Frameworks @loader_path/Frameworks";
				PRODUCT_BUNDLE_IDENTIFIER = com.weimingfj.driver.DriverIosUITests;
				PRODUCT_NAME = "$(TARGET_NAME)";
				SWIFT_VERSION = 3.0;
				TEST_TARGET_NAME = DriverIos;
			};
			name = Debug;
		};
		ABEA389A1DEFB44A0074A234 /* Release */ = {
			isa = XCBuildConfiguration;
			buildSettings = {
				ALWAYS_EMBED_SWIFT_STANDARD_LIBRARIES = YES;
				DEVELOPMENT_TEAM = 99B46ZN53C;
				INFOPLIST_FILE = DriverIosUITests/Info.plist;
				LD_RUNPATH_SEARCH_PATHS = "$(inherited) @executable_path/Frameworks @loader_path/Frameworks";
				PRODUCT_BUNDLE_IDENTIFIER = com.weimingfj.driver.DriverIosUITests;
				PRODUCT_NAME = "$(TARGET_NAME)";
				SWIFT_VERSION = 3.0;
				TEST_TARGET_NAME = DriverIos;
			};
			name = Release;
		};
/* End XCBuildConfiguration section */

/* Begin XCConfigurationList section */
		ABEA38621DEFB44A0074A234 /* Build configuration list for PBXProject "DriverIos" */ = {
			isa = XCConfigurationList;
			buildConfigurations = (
				ABEA38901DEFB44A0074A234 /* Debug */,
				ABEA38911DEFB44A0074A234 /* Release */,
			);
			defaultConfigurationIsVisible = 0;
			defaultConfigurationName = Release;
		};
		ABEA38921DEFB44A0074A234 /* Build configuration list for PBXNativeTarget "DriverIos" */ = {
			isa = XCConfigurationList;
			buildConfigurations = (
				ABEA38931DEFB44A0074A234 /* Debug */,
				ABEA38941DEFB44A0074A234 /* Release */,
			);
			defaultConfigurationIsVisible = 0;
			defaultConfigurationName = Release;
		};
		ABEA38951DEFB44A0074A234 /* Build configuration list for PBXNativeTarget "DriverIosTests" */ = {
			isa = XCConfigurationList;
			buildConfigurations = (
				ABEA38961DEFB44A0074A234 /* Debug */,
				ABEA38971DEFB44A0074A234 /* Release */,
			);
			defaultConfigurationIsVisible = 0;
			defaultConfigurationName = Release;
		};
		ABEA38981DEFB44A0074A234 /* Build configuration list for PBXNativeTarget "DriverIosUITests" */ = {
			isa = XCConfigurationList;
			buildConfigurations = (
				ABEA38991DEFB44A0074A234 /* Debug */,
				ABEA389A1DEFB44A0074A234 /* Release */,
			);
			defaultConfigurationIsVisible = 0;
			defaultConfigurationName = Release;
		};
/* End XCConfigurationList section */

/* Begin XCVersionGroup section */
		ABEA38711DEFB44A0074A234 /* DriverIos.xcdatamodeld */ = {
			isa = XCVersionGroup;
			children = (
				ABEA38721DEFB44A0074A234 /* DriverIos.xcdatamodel */,
			);
			currentVersion = ABEA38721DEFB44A0074A234 /* DriverIos.xcdatamodel */;
			path = DriverIos.xcdatamodeld;
			sourceTree = "<group>";
			versionGroupType = wrapper.xcdatamodel;
		};
/* End XCVersionGroup section */
	};
	rootObject = ABEA385F1DEFB44A0074A234 /* Project object */;
}
